
Microsoft Visual Studio Solution File, Format Version 12.00
# Visual Studio Version 16
VisualStudioVersion = 16.0.31605.320
MinimumVisualStudioVersion = 10.0.40219.1
Project("{FAE04EC0-301F-11D3-BF4B-00C04F79EFBC}") = "QueueExample", "QueueExample.csproj", "{10777927-A69F-4610-A496-16CDAAF05106}"
EndProject
Global
	GlobalSection(SolutionConfigurationPlatforms) = preSolution
		Debug|Any CPU = Debug|Any CPU
		Release|Any CPU = Release|Any CPU
	EndGlobalSection
	GlobalSection(ProjectConfigurationPlatforms) = postSolution
		{10777927-A69F-4610-A496-16CDAAF05106}.Debug|Any CPU.ActiveCfg = Debug|Any CPU
		{10777927-A69F-4610-A496-16CDAAF05106}.Debug|Any CPU.Build.0 = Debug|Any CPU
		{10777927-A69F-4610-A496-16CDAAF05106}.Release|Any CPU.ActiveCfg = Release|Any CPU
		{10777927-A69F-4610-A496-16CDAAF05106}.Release|Any CPU.Build.0 = Release|Any CPU
	EndGlobalSection
	GlobalSection(SolutionProperties) = preSolution
		HideSolutionNode = FALSE
	EndGlobalSection
	GlobalSection(ExtensibilityGlobals) = postSolution
		SolutionGuid = {347E7793-8C29-4319-882B-8C3FD4FF65EE}
	EndGlobalSection
EndGlobal
